// !$*UTF8*$!
{
	archiveVersion = 1;
	classes = {
	};
	objectVersion = 50;
	objects = {

/* Begin PBXBuildFile section */
		ACF8C52826F300B500ED8FC1 /* udemy_twitter_cloneApp.swift in Sources */ = {isa = PBXBuildFile; fileRef = ACF8C51526F300B400ED8FC1 /* udemy_twitter_cloneApp.swift */; };
		ACF8C52926F300B500ED8FC1 /* udemy_twitter_cloneApp.swift in Sources */ = {isa = PBXBuildFile; fileRef = ACF8C51526F300B400ED8FC1 /* udemy_twitter_cloneApp.swift */; };
		ACF8C52A26F300B500ED8FC1 /* ContentView.swift in Sources */ = {isa = PBXBuildFile; fileRef = ACF8C51626F300B400ED8FC1 /* ContentView.swift */; };
		ACF8C52B26F300B500ED8FC1 /* ContentView.swift in Sources */ = {isa = PBXBuildFile; fileRef = ACF8C51626F300B400ED8FC1 /* ContentView.swift */; };
		ACF8C52C26F300B500ED8FC1 /* Assets.xcassets in Resources */ = {isa = PBXBuildFile; fileRef = ACF8C51726F300B500ED8FC1 /* Assets.xcassets */; };
		ACF8C52D26F300B500ED8FC1 /* Assets.xcassets in Resources */ = {isa = PBXBuildFile; fileRef = ACF8C51726F300B500ED8FC1 /* Assets.xcassets */; };
/* End PBXBuildFile section */

/* Begin PBXFileReference section */
		ACF8C51526F300B400ED8FC1 /* udemy_twitter_cloneApp.swift */ = {isa = PBXFileReference; lastKnownFileType = sourcecode.swift; path = udemy_twitter_cloneApp.swift; sourceTree = "<group>"; };
		ACF8C51626F300B400ED8FC1 /* ContentView.swift */ = {isa = PBXFileReference; lastKnownFileType = sourcecode.swift; path = ContentView.swift; sourceTree = "<group>"; };
		ACF8C51726F300B500ED8FC1 /* Assets.xcassets */ = {isa = PBXFileReference; lastKnownFileType = folder.assetcatalog; path = Assets.xcassets; sourceTree = "<group>"; };
		ACF8C51C26F300B500ED8FC1 /* udemy-twitter-clone.app */ = {isa = PBXFileReference; explicitFileType = wrapper.application; includeInIndex = 0; path = "udemy-twitter-clone.app"; sourceTree = BUILT_PRODUCTS_DIR; };
		ACF8C51F26F300B500ED8FC1 /* Info.plist */ = {isa = PBXFileReference; lastKnownFileType = text.plist.xml; path = Info.plist; sourceTree = "<group>"; };
		ACF8C52426F300B500ED8FC1 /* udemy-twitter-clone.app */ = {isa = PBXFileReference; explicitFileType = wrapper.application; includeInIndex = 0; path = "udemy-twitter-clone.app"; sourceTree = BUILT_PRODUCTS_DIR; };
		ACF8C52626F300B500ED8FC1 /* Info.plist */ = {isa = PBXFileReference; lastKnownFileType = text.plist.xml; path = Info.plist; sourceTree = "<group>"; };
		ACF8C52726F300B500ED8FC1 /* macOS.entitlements */ = {isa = PBXFileReference; lastKnownFileType = text.plist.entitlements; path = macOS.entitlements; sourceTree = "<group>"; };
/* End PBXFileReference section */

/* Begin PBXFrameworksBuildPhase section */
		ACF8C51926F300B500ED8FC1 /* Frameworks */ = {
			isa = PBXFrameworksBuildPhase;
			buildActionMask = 2147483647;
			files = (
			);
			runOnlyForDeploymentPostprocessing = 0;
		};
		ACF8C52126F300B500ED8FC1 /* Frameworks */ = {
			isa = PBXFrameworksBuildPhase;
			buildActionMask = 2147483647;
			files = (
			);
			runOnlyForDeploymentPostprocessing = 0;
		};
/* End PBXFrameworksBuildPhase section */

/* Begin PBXGroup section */
		ACF8C50F26F300B400ED8FC1 = {
			isa = PBXGroup;
			children = (
				ACF8C51426F300B400ED8FC1 /* Shared */,
				ACF8C51E26F300B500ED8FC1 /* iOS */,
				ACF8C52526F300B500ED8FC1 /* macOS */,
				ACF8C51D26F300B500ED8FC1 /* Products */,
			);
			sourceTree = "<group>";
		};
		ACF8C51426F300B400ED8FC1 /* Shared */ = {
			isa = PBXGroup;
			children = (
				ACF8C51526F300B400ED8FC1 /* udemy_twitter_cloneApp.swift */,
				ACF8C51626F300B400ED8FC1 /* ContentView.swift */,
				ACF8C51726F300B500ED8FC1 /* Assets.xcassets */,
			);
			path = Shared;
			sourceTree = "<group>";
		};
		ACF8C51D26F300B500ED8FC1 /* Products */ = {
			isa = PBXGroup;
			children = (
				ACF8C51C26F300B500ED8FC1 /* udemy-twitter-clone.app */,
				ACF8C52426F300B500ED8FC1 /* udemy-twitter-clone.app */,
			);
			name = Products;
			sourceTree = "<group>";
		};
		ACF8C51E26F300B500ED8FC1 /* iOS */ = {
			isa = PBXGroup;
			children = (
				ACF8C51F26F300B500ED8FC1 /* Info.plist */,
			);
			path = iOS;
			sourceTree = "<group>";
		};
		ACF8C52526F300B500ED8FC1 /* macOS */ = {
			isa = PBXGroup;
			children = (
				ACF8C52626F300B500ED8FC1 /* Info.plist */,
				ACF8C52726F300B500ED8FC1 /* macOS.entitlements */,
			);
			path = macOS;
			sourceTree = "<group>";
		};
/* End PBXGroup section */

/* Begin PBXNativeTarget section */
		ACF8C51B26F300B500ED8FC1 /* udemy-twitter-clone (iOS) */ = {
			isa = PBXNativeTarget;
			buildConfigurationList = ACF8C53026F300B500ED8FC1 /* Build configuration list for PBXNativeTarget "udemy-twitter-clone (iOS)" */;
			buildPhases = (
				ACF8C51826F300B500ED8FC1 /* Sources */,
				ACF8C51926F300B500ED8FC1 /* Frameworks */,
				ACF8C51A26F300B500ED8FC1 /* Resources */,
			);
			buildRules = (
			);
			dependencies = (
			);
			name = "udemy-twitter-clone (iOS)";
			productName = "udemy-twitter-clone (iOS)";
			productReference = ACF8C51C26F300B500ED8FC1 /* udemy-twitter-clone.app */;
			productType = "com.apple.product-type.application";
		};
		ACF8C52326F300B500ED8FC1 /* udemy-twitter-clone (macOS) */ = {
			isa = PBXNativeTarget;
			buildConfigurationList = ACF8C53326F300B500ED8FC1 /* Build configuration list for PBXNativeTarget "udemy-twitter-clone (macOS)" */;
			buildPhases = (
				ACF8C52026F300B500ED8FC1 /* Sources */,
				ACF8C52126F300B500ED8FC1 /* Frameworks */,
				ACF8C52226F300B500ED8FC1 /* Resources */,
			);
			buildRules = (
			);
			dependencies = (
			);
			name = "udemy-twitter-clone (macOS)";
			productName = "udemy-twitter-clone (macOS)";
			productReference = ACF8C52426F300B500ED8FC1 /* udemy-twitter-clone.app */;
			productType = "com.apple.product-type.application";
		};
/* End PBXNativeTarget section */

/* Begin PBXProject section */
		ACF8C51026F300B400ED8FC1 /* Project object */ = {
			isa = PBXProject;
			attributes = {
				LastSwiftUpdateCheck = 1250;
				LastUpgradeCheck = 1250;
				TargetAttributes = {
					ACF8C51B26F300B500ED8FC1 = {
						CreatedOnToolsVersion = 12.5.1;
					};
					ACF8C52326F300B500ED8FC1 = {
						CreatedOnToolsVersion = 12.5.1;
					};
				};
			};
			buildConfigurationList = ACF8C51326F300B400ED8FC1 /* Build configuration list for PBXProject "udemy-twitter-clone" */;
			compatibilityVersion = "Xcode 9.3";
			developmentRegion = en;
			hasScannedForEncodings = 0;
			knownRegions = (
				en,
				Base,
			);
			mainGroup = ACF8C50F26F300B400ED8FC1;
			productRefGroup = ACF8C51D26F300B500ED8FC1 /* Products */;
			projectDirPath = "";
			projectRoot = "";
			targets = (
				ACF8C51B26F300B500ED8FC1 /* udemy-twitter-clone (iOS) */,
				ACF8C52326F300B500ED8FC1 /* udemy-twitter-clone (macOS) */,
			);
		};
/* End PBXProject section */

/* Begin PBXResourcesBuildPhase section */
		ACF8C51A26F300B500ED8FC1 /* Resources */ = {
			isa = PBXResourcesBuildPhase;
			buildActionMask = 2147483647;
			files = (
				ACF8C52C26F300B500ED8FC1 /* Assets.xcassets in Resources */,
			);
			runOnlyForDeploymentPostprocessing = 0;
		};
		ACF8C52226F300B500ED8FC1 /* Resources */ = {
			isa = PBXResourcesBuildPhase;
			buildActionMask = 2147483647;
			files = (
				ACF8C52D26F300B500ED8FC1 /* Assets.xcassets in Resources */,
			);
			runOnlyForDeploymentPostprocessing = 0;
		};
/* End PBXResourcesBuildPhase section */

/* Begin PBXSourcesBuildPhase section */
		ACF8C51826F300B500ED8FC1 /* Sources */ = {
			isa = PBXSourcesBuildPhase;
			buildActionMask = 2147483647;
			files = (
				ACF8C52A26F300B500ED8FC1 /* ContentView.swift in Sources */,
				ACF8C52826F300B500ED8FC1 /* udemy_twitter_cloneApp.swift in Sources */,
			);
			runOnlyForDeploymentPostprocessing = 0;
		};
		ACF8C52026F300B500ED8FC1 /* Sources */ = {
			isa = PBXSourcesBuildPhase;
			buildActionMask = 2147483647;
			files = (
				ACF8C52B26F300B500ED8FC1 /* ContentView.swift in Sources */,
				ACF8C52926F300B500ED8FC1 /* udemy_twitter_cloneApp.swift in Sources */,
			);
			runOnlyForDeploymentPostprocessing = 0;
		};
/* End PBXSourcesBuildPhase section */

/* Begin XCBuildConfiguration section */
		ACF8C52E26F300B500ED8FC1 /* Debug */ = {
			isa = XCBuildConfiguration;
			buildSettings = {
				ALWAYS_SEARCH_USER_PATHS = NO;
				CLANG_ANALYZER_NONNULL = YES;
				CLANG_ANALYZER_NUMBER_OBJECT_CONVERSION = YES_AGGRESSIVE;
				CLANG_CXX_LANGUAGE_STANDARD = "gnu++14";
				CLANG_CXX_LIBRARY = "libc++";
				CLANG_ENABLE_MODULES = YES;
				CLANG_ENABLE_OBJC_ARC = YES;
				CLANG_ENABLE_OBJC_WEAK = YES;
				CLANG_WARN_BLOCK_CAPTURE_AUTORELEASING = YES;
				CLANG_WARN_BOOL_CONVERSION = YES;
				CLANG_WARN_COMMA = YES;
				CLANG_WARN_CONSTANT_CONVERSION = YES;
				CLANG_WARN_DEPRECATED_OBJC_IMPLEMENTATIONS = YES;
				CLANG_WARN_DIRECT_OBJC_ISA_USAGE = YES_ERROR;
				CLANG_WARN_DOCUMENTATION_COMMENTS = YES;
				CLANG_WARN_EMPTY_BODY = YES;
				CLANG_WARN_ENUM_CONVERSION = YES;
				CLANG_WARN_INFINITE_RECURSION = YES;
				CLANG_WARN_INT_CONVERSION = YES;
				CLANG_WARN_NON_LITERAL_NULL_CONVERSION = YES;
				CLANG_WARN_OBJC_IMPLICIT_RETAIN_SELF = YES;
				CLANG_WARN_OBJC_LITERAL_CONVERSION = YES;
				CLANG_WARN_OBJC_ROOT_CLASS = YES_ERROR;
				CLANG_WARN_QUOTED_INCLUDE_IN_FRAMEWORK_HEADER = YES;
				CLANG_WARN_RANGE_LOOP_ANALYSIS = YES;
				CLANG_WARN_STRICT_PROTOTYPES = YES;
				CLANG_WARN_SUSPICIOUS_MOVE = YES;
				CLANG_WARN_UNGUARDED_AVAILABILITY = YES_AGGRESSIVE;
				CLANG_WARN_UNREACHABLE_CODE = YES;
				CLANG_WARN__DUPLICATE_METHOD_MATCH = YES;
				COPY_PHASE_STRIP = NO;
				DEBUG_INFORMATION_FORMAT = dwarf;
				ENABLE_STRICT_OBJC_MSGSEND = YES;
				ENABLE_TESTABILITY = YES;
				GCC_C_LANGUAGE_STANDARD = gnu11;
				GCC_DYNAMIC_NO_PIC = NO;
				GCC_NO_COMMON_BLOCKS = YES;
				GCC_OPTIMIZATION_LEVEL = 0;
				GCC_PREPROCESSOR_DEFINITIONS = (
					"DEBUG=1",
					"$(inherited)",
				);
				GCC_WARN_64_TO_32_BIT_CONVERSION = YES;
				GCC_WARN_ABOUT_RETURN_TYPE = YES_ERROR;
				GCC_WARN_UNDECLARED_SELECTOR = YES;
				GCC_WARN_UNINITIALIZED_AUTOS = YES_AGGRESSIVE;
				GCC_WARN_UNUSED_FUNCTION = YES;
				GCC_WARN_UNUSED_VARIABLE = YES;
				MTL_ENABLE_DEBUG_INFO = INCLUDE_SOURCE;
				MTL_FAST_MATH = YES;
				ONLY_ACTIVE_ARCH = YES;
				SWIFT_ACTIVE_COMPILATION_CONDITIONS = DEBUG;
				SWIFT_OPTIMIZATION_LEVEL = "-Onone";
			};
			name = Debug;
		};
		ACF8C52F26F300B500ED8FC1 /* Release */ = {
			isa = XCBuildConfiguration;
			buildSettings = {
				ALWAYS_SEARCH_USER_PATHS = NO;
				CLANG_ANALYZER_NONNULL = YES;
				CLANG_ANALYZER_NUMBER_OBJECT_CONVERSION = YES_AGGRESSIVE;
				CLANG_CXX_LANGUAGE_STANDARD = "gnu++14";
				CLANG_CXX_LIBRARY = "libc++";
				CLANG_ENABLE_MODULES = YES;
				CLANG_ENABLE_OBJC_ARC = YES;
				CLANG_ENABLE_OBJC_WEAK = YES;
				CLANG_WARN_BLOCK_CAPTURE_AUTORELEASING = YES;
				CLANG_WARN_BOOL_CONVERSION = YES;
				CLANG_WARN_COMMA = YES;
				CLANG_WARN_CONSTANT_CONVERSION = YES;
				CLANG_WARN_DEPRECATED_OBJC_IMPLEMENTATIONS = YES;
				CLANG_WARN_DIRECT_OBJC_ISA_USAGE = YES_ERROR;
				CLANG_WARN_DOCUMENTATION_COMMENTS = YES;
				CLANG_WARN_EMPTY_BODY = YES;
				CLANG_WARN_ENUM_CONVERSION = YES;
				CLANG_WARN_INFINITE_RECURSION = YES;
				CLANG_WARN_INT_CONVERSION = YES;
				CLANG_WARN_NON_LITERAL_NULL_CONVERSION = YES;
				CLANG_WARN_OBJC_IMPLICIT_RETAIN_SELF = YES;
				CLANG_WARN_OBJC_LITERAL_CONVERSION = YES;
				CLANG_WARN_OBJC_ROOT_CLASS = YES_ERROR;
				CLANG_WARN_QUOTED_INCLUDE_IN_FRAMEWORK_HEADER = YES;
				CLANG_WARN_RANGE_LOOP_ANALYSIS = YES;
				CLANG_WARN_STRICT_PROTOTYPES = YES;
				CLANG_WARN_SUSPICIOUS_MOVE = YES;
				CLANG_WARN_UNGUARDED_AVAILABILITY = YES_AGGRESSIVE;
				CLANG_WARN_UNREACHABLE_CODE = YES;
				CLANG_WARN__DUPLICATE_METHOD_MATCH = YES;
				COPY_PHASE_STRIP = NO;
				DEBUG_INFORMATION_FORMAT = "dwarf-with-dsym";
				ENABLE_NS_ASSERTIONS = NO;
				ENABLE_STRICT_OBJC_MSGSEND = YES;
				GCC_C_LANGUAGE_STANDARD = gnu11;
				GCC_NO_COMMON_BLOCKS = YES;
				GCC_WARN_64_TO_32_BIT_CONVERSION = YES;
				GCC_WARN_ABOUT_RETURN_TYPE = YES_ERROR;
				GCC_WARN_UNDECLARED_SELECTOR = YES;
				GCC_WARN_UNINITIALIZED_AUTOS = YES_AGGRESSIVE;
				GCC_WARN_UNUSED_FUNCTION = YES;
				GCC_WARN_UNUSED_VARIABLE = YES;
				MTL_ENABLE_DEBUG_INFO = NO;
				MTL_FAST_MATH = YES;
				SWIFT_COMPILATION_MODE = wholemodule;
				SWIFT_OPTIMIZATION_LEVEL = "-O";
			};
			name = Release;
		};
		ACF8C53126F300B500ED8FC1 /* Debug */ = {
			isa = XCBuildConfiguration;
			buildSettings = {
				ASSETCATALOG_COMPILER_APPICON_NAME = AppIcon;
				ASSETCATALOG_COMPILER_GLOBAL_ACCENT_COLOR_NAME = AccentColor;
				CODE_SIGN_STYLE = Automatic;
				DEVELOPMENT_TEAM = 5W8992Z5M8;
				ENABLE_PREVIEWS = YES;
				INFOPLIST_FILE = iOS/Info.plist;
				IPHONEOS_DEPLOYMENT_TARGET = 14.0;
				LD_RUNPATH_SEARCH_PATHS = (
					"$(inherited)",
					"@executable_path/Frameworks",
				);
				PRODUCT_BUNDLE_IDENTIFIER = "com.potion.udemy-twitter-clone";
				PRODUCT_NAME = "udemy-twitter-clone";
				SDKROOT = iphoneos;
				SWIFT_VERSION = 5.0;
				TARGETED_DEVICE_FAMILY = "1,2";
			};
			name = Debug;
		};
		ACF8C53226F300B500ED8FC1 /* Release */ = {
			isa = XCBuildConfiguration;
			buildSettings = {
				ASSETCATALOG_COMPILER_APPICON_NAME = AppIcon;
				ASSETCATALOG_COMPILER_GLOBAL_ACCENT_COLOR_NAME = AccentColor;
				CODE_SIGN_STYLE = Automatic;
				DEVELOPMENT_TEAM = 5W8992Z5M8;
				ENABLE_PREVIEWS = YES;
				INFOPLIST_FILE = iOS/Info.plist;
				IPHONEOS_DEPLOYMENT_TARGET = 14.0;
				LD_RUNPATH_SEARCH_PATHS = (
					"$(inherited)",
					"@executable_path/Frameworks",
				);
				PRODUCT_BUNDLE_IDENTIFIER = "com.potion.udemy-twitter-clone";
				PRODUCT_NAME = "udemy-twitter-clone";
				SDKROOT = iphoneos;
				SWIFT_VERSION = 5.0;
				TARGETED_DEVICE_FAMILY = "1,2";
				VALIDATE_PRODUCT = YES;
			};
			name = Release;
		};
		ACF8C53426F300B500ED8FC1 /* Debug */ = {
			isa = XCBuildConfiguration;
			buildSettings = {
				ASSETCATALOG_COMPILER_APPICON_NAME = AppIcon;
				ASSETCATALOG_COMPILER_GLOBAL_ACCENT_COLOR_NAME = AccentColor;
				CODE_SIGN_ENTITLEMENTS = macOS/macOS.entitlements;
				CODE_SIGN_STYLE = Automatic;
				COMBINE_HIDPI_IMAGES = YES;
				DEVELOPMENT_TEAM = 5W8992Z5M8;
				ENABLE_HARDENED_RUNTIME = YES;
				ENABLE_PREVIEWS = YES;
				INFOPLIST_FILE = macOS/Info.plist;
				LD_RUNPATH_SEARCH_PATHS = (
					"$(inherited)",
					"@executable_path/../Frameworks",
				);
				MACOSX_DEPLOYMENT_TARGET = 11.0;
				PRODUCT_BUNDLE_IDENTIFIER = "com.potion.udemy-twitter-clone";
				PRODUCT_NAME = "udemy-twitter-clone";
				SDKROOT = macosx;
				SWIFT_VERSION = 5.0;
			};
			name = Debug;
		};
		ACF8C53526F300B500ED8FC1 /* Release */ = {
			isa = XCBuildConfiguration;
			buildSettings = {
				ASSETCATALOG_COMPILER_APPICON_NAME = AppIcon;
				ASSETCATALOG_COMPILER_GLOBAL_ACCENT_COLOR_NAME = AccentColor;
				CODE_SIGN_ENTITLEMENTS = macOS/macOS.entitlements;
				CODE_SIGN_STYLE = Automatic;
				COMBINE_HIDPI_IMAGES = YES;
				DEVELOPMENT_TEAM = 5W8992Z5M8;
				ENABLE_HARDENED_RUNTIME = YES;
				ENABLE_PREVIEWS = YES;
				INFOPLIST_FILE = macOS/Info.plist;
				LD_RUNPATH_SEARCH_PATHS = (
					"$(inherited)",
					"@executable_path/../Frameworks",
				);
				MACOSX_DEPLOYMENT_TARGET = 11.0;
				PRODUCT_BUNDLE_IDENTIFIER = "com.potion.udemy-twitter-clone";
				PRODUCT_NAME = "udemy-twitter-clone";
				SDKROOT = macosx;
				SWIFT_VERSION = 5.0;
			};
			name = Release;
		};
/* End XCBuildConfiguration section */

/* Begin XCConfigurationList section */
		ACF8C51326F300B400ED8FC1 /* Build configuration list for PBXProject "udemy-twitter-clone" */ = {
			isa = XCConfigurationList;
			buildConfigurations = (
				ACF8C52E26F300B500ED8FC1 /* Debug */,
				ACF8C52F26F300B500ED8FC1 /* Release */,
			);
			defaultConfigurationIsVisible = 0;
			defaultConfigurationName = Release;
		};
		ACF8C53026F300B500ED8FC1 /* Build configuration list for PBXNativeTarget "udemy-twitter-clone (iOS)" */ = {
			isa = XCConfigurationList;
			buildConfigurations = (
				ACF8C53126F300B500ED8FC1 /* Debug */,
				ACF8C53226F300B500ED8FC1 /* Release */,
			);
			defaultConfigurationIsVisible = 0;
			defaultConfigurationName = Release;
		};
		ACF8C53326F300B500ED8FC1 /* Build configuration list for PBXNativeTarget "udemy-twitter-clone (macOS)" */ = {
			isa = XCConfigurationList;
			buildConfigurations = (
				ACF8C53426F300B500ED8FC1 /* Debug */,
				ACF8C53526F300B500ED8FC1 /* Release */,
			);
			defaultConfigurationIsVisible = 0;
			defaultConfigurationName = Release;
		};
/* End XCConfigurationList section */
	};
	rootObject = ACF8C51026F300B400ED8FC1 /* Project object */;
}
